{
  "name": "ats-resume-generator-html",
  "version": "0.1.0",
  "lockfileVersion": 3,
  "requires": true,
  "packages": {
    "": {
      "name": "ats-resume-generator-html",
      "devDependencies": {
        "@types/node": "^22.2.0",
        "typescript": "^5.9.0"
      }
    },
    "node_modules/@types/node": {
      "version": "22.19.11",
      "resolved": "https://registry.npmjs.org/@types/node/-/node-22.19.11.tgz",
      "integrity": "sha512-BH7YwL6rA93ReqeQS1c4bsPpcfOmJasG+Fkr6Y59q83f9M1WcBRHR2vM+P9eOisYRcN3ujQoiZY8uk5W+1WL8w==",
      "dev": true,
      "license": "MIT",
      "dependencies": {
        "undici-types": "~6.21.0"
      }
    },
    "node_modules/typescript": {
      "version": "5.9.3",
      "resolved": "https://registry.npmjs.org/typescript/-/typescript-5.9.3.tgz",
      "integrity": "sha512-jl1vZzPDinLr9eUt3J/t7V6FgNEw9QjvBPdysz9KfQDD41fQrC2Y4vKQdiaUpFT4bXlb1RHhLpp8wtm6M5TgSw==",
      "dev": true,
      "license": "Apache-2.0",
      "bin": {
        "tsc": "bin/tsc",
        "tsserver": "bin/tsserver"
      },
      "engines": {
        "node": ">=14.17"
      }
    },
    "node_modules/undici-types": {
      "version": "6.21.0",
      "resolved": "https://registry.npmjs.org/undici-types/-/undici-types-6.21.0.tgz",
      "integrity": "sha512-iwDZqg0QAGrg9Rav5H4n0M64c3mkR59cJ6wQp+7C4nI0gsmExaedaYLNO44eT4AtBBwjbTiGPMlt2Md0T9H9JQ==",
      "dev": true,
      "license": "MIT"
    },
    "packages/core": {
      "name": "@ats-resume/core",
      "version": "0.1.0",
      "extraneous": true,
      "hasInstallScript": true,
      "devDependencies": {
        "playwright": "^1.50.0"
      }
    },
    "packages/web": {
      "name": "@ats-resume/web",
      "version": "0.1.0",
      "extraneous": true,
      "dependencies": {
        "@ats-resume/core": "workspace:*",
        "react": "^19.1.0",
        "react-aria-components": "^1.9.0",
        "react-dom": "^19.1.0",
        "react-router-dom": "^7.5.0",
        "tailwind-merge": "^3.3.0",
        "tailwindcss-animate": "^1.0.7",
        "tailwindcss-react-aria-components": "^2.0.0"
      },
      "devDependencies": {
        "@tailwindcss/vite": "^4.1.0",
        "@types/react": "^19.1.0",
        "@types/react-dom": "^19.1.0",
        "@vitejs/plugin-react": "^4.5.0",
        "playwright": "^1.50.0",
        "tailwindcss": "^4.1.0",
        "typescript": "^5.8.0",
        "vite": "^6.3.0"
      }
    }
  }
}
